
Microsoft Visual Studio Solution File, Format Version 12.00
# Visual Studio Version 17
VisualStudioVersion = 17.11.35312.102
MinimumVisualStudioVersion = 10.0.40219.1
Project("{FAE04EC0-301F-11D3-BF4B-00C04F79EFBC}") = "Problem018", "Problem018.csproj", "{19FF57B9-3165-4536-9785-092A6E74A576}"
EndProject
Global
	GlobalSection(SolutionConfigurationPlatforms) = preSolution
		Debug|Any CPU = Debug|Any CPU
		Release|Any CPU = Release|Any CPU
	EndGlobalSection
	GlobalSection(ProjectConfigurationPlatforms) = postSolution
		{19FF57B9-3165-4536-9785-092A6E74A576}.Debug|Any CPU.ActiveCfg = Debug|Any CPU
		{19FF57B9-3165-4536-9785-092A6E74A576}.Debug|Any CPU.Build.0 = Debug|Any CPU
		{19FF57B9-3165-4536-9785-092A6E74A576}.Release|Any CPU.ActiveCfg = Release|Any CPU
		{19FF57B9-3165-4536-9785-092A6E74A576}.Release|Any CPU.Build.0 = Release|Any CPU
	EndGlobalSection
	GlobalSection(SolutionProperties) = preSolution
		HideSolutionNode = FALSE
	EndGlobalSection
	GlobalSection(ExtensibilityGlobals) = postSolution
		SolutionGuid = {9AB6A8DE-B0C1-45EA-8ED8-0B04A07615AC}
	EndGlobalSection
EndGlobal
