
Microsoft Visual Studio Solution File, Format Version 12.00
# Visual Studio Version 17
VisualStudioVersion = 17.10.35027.167
MinimumVisualStudioVersion = 10.0.40219.1
Project("{FAE04EC0-301F-11D3-BF4B-00C04F79EFBC}") = "Problem011", "Problem011.csproj", "{33CBE9BF-7715-4E20-ADC9-EB24F6DD0100}"
EndProject
Global
	GlobalSection(SolutionConfigurationPlatforms) = preSolution
		Debug|Any CPU = Debug|Any CPU
		Release|Any CPU = Release|Any CPU
	EndGlobalSection
	GlobalSection(ProjectConfigurationPlatforms) = postSolution
		{33CBE9BF-7715-4E20-ADC9-EB24F6DD0100}.Debug|Any CPU.ActiveCfg = Debug|Any CPU
		{33CBE9BF-7715-4E20-ADC9-EB24F6DD0100}.Debug|Any CPU.Build.0 = Debug|Any CPU
		{33CBE9BF-7715-4E20-ADC9-EB24F6DD0100}.Release|Any CPU.ActiveCfg = Release|Any CPU
		{33CBE9BF-7715-4E20-ADC9-EB24F6DD0100}.Release|Any CPU.Build.0 = Release|Any CPU
	EndGlobalSection
	GlobalSection(SolutionProperties) = preSolution
		HideSolutionNode = FALSE
	EndGlobalSection
	GlobalSection(ExtensibilityGlobals) = postSolution
		SolutionGuid = {2F6DF60F-44DD-48A1-8C0D-12D4562ADE48}
	EndGlobalSection
EndGlobal
